
Microsoft Visual Studio Solution File, Format Version 12.00
# Visual Studio Version 17
VisualStudioVersion = 17.0.31903.59
MinimumVisualStudioVersion = 10.0.40219.1
Project("{2150E333-8FDC-42A3-9474-1A3956D46DE8}") = "src", "src", "{C9478F89-51EC-4E9A-AC54-F7B69228AB9B}"
EndProject
Project("{FAE04EC0-301F-11D3-BF4B-00C04F79EFBC}") = "D2.Manifest", "src\D2.Manifest\D2.Manifest.csproj", "{2F7583E8-F9B8-46F4-B149-5732A5F3752B}"
EndProject
Project("{2150E333-8FDC-42A3-9474-1A3956D46DE8}") = "test", "test", "{45BD3442-65F8-4D26-A33C-25F496F6DBA6}"
EndProject
Project("{FAE04EC0-301F-11D3-BF4B-00C04F79EFBC}") = "D2.Manifest.Tests", "test\D2.Manifest.Tests\D2.Manifest.Tests.csproj", "{A213D8E4-FB6B-4139-9215-6ED2D572BCCC}"
EndProject
Project("{2150E333-8FDC-42A3-9474-1A3956D46DE8}") = "benchmarks", "benchmarks", "{FF47B663-4886-42FA-853B-FDAFFA98DD96}"
EndProject
Project("{FAE04EC0-301F-11D3-BF4B-00C04F79EFBC}") = "D2.Manifest.Benchmarks", "benchmarks\D2.Manifest.Benchmarks\D2.Manifest.Benchmarks.csproj", "{62CA6EDD-8590-44C7-A633-95C6769DD008}"
EndProject
Global
	GlobalSection(SolutionConfigurationPlatforms) = preSolution
		Debug|Any CPU = Debug|Any CPU
		Release|Any CPU = Release|Any CPU
	EndGlobalSection
	GlobalSection(SolutionProperties) = preSolution
		HideSolutionNode = FALSE
	EndGlobalSection
	GlobalSection(ProjectConfigurationPlatforms) = postSolution
		{2F7583E8-F9B8-46F4-B149-5732A5F3752B}.Debug|Any CPU.ActiveCfg = Debug|Any CPU
		{2F7583E8-F9B8-46F4-B149-5732A5F3752B}.Debug|Any CPU.Build.0 = Debug|Any CPU
		{2F7583E8-F9B8-46F4-B149-5732A5F3752B}.Release|Any CPU.ActiveCfg = Release|Any CPU
		{2F7583E8-F9B8-46F4-B149-5732A5F3752B}.Release|Any CPU.Build.0 = Release|Any CPU
		{A213D8E4-FB6B-4139-9215-6ED2D572BCCC}.Debug|Any CPU.ActiveCfg = Debug|Any CPU
		{A213D8E4-FB6B-4139-9215-6ED2D572BCCC}.Debug|Any CPU.Build.0 = Debug|Any CPU
		{A213D8E4-FB6B-4139-9215-6ED2D572BCCC}.Release|Any CPU.ActiveCfg = Release|Any CPU
		{A213D8E4-FB6B-4139-9215-6ED2D572BCCC}.Release|Any CPU.Build.0 = Release|Any CPU
		{62CA6EDD-8590-44C7-A633-95C6769DD008}.Debug|Any CPU.ActiveCfg = Debug|Any CPU
		{62CA6EDD-8590-44C7-A633-95C6769DD008}.Debug|Any CPU.Build.0 = Debug|Any CPU
		{62CA6EDD-8590-44C7-A633-95C6769DD008}.Release|Any CPU.ActiveCfg = Release|Any CPU
		{62CA6EDD-8590-44C7-A633-95C6769DD008}.Release|Any CPU.Build.0 = Release|Any CPU
	EndGlobalSection
	GlobalSection(NestedProjects) = preSolution
		{2F7583E8-F9B8-46F4-B149-5732A5F3752B} = {C9478F89-51EC-4E9A-AC54-F7B69228AB9B}
		{A213D8E4-FB6B-4139-9215-6ED2D572BCCC} = {45BD3442-65F8-4D26-A33C-25F496F6DBA6}
		{62CA6EDD-8590-44C7-A633-95C6769DD008} = {FF47B663-4886-42FA-853B-FDAFFA98DD96}
	EndGlobalSection
EndGlobal
