
Microsoft Visual Studio Solution File, Format Version 12.00
# Visual Studio Version 17
VisualStudioVersion = 17.0.31903.59
MinimumVisualStudioVersion = 10.0.40219.1
Project("{FAE04EC0-301F-11D3-BF4B-00C04F79EFBC}") = "D2.Staging.WebApi", "src\D2.Staging.WebApi\D2.Staging.WebApi.csproj", "{34559AD3-5C1B-48FC-84E0-4040A8CD9CC9}"
EndProject
Project("{FAE04EC0-301F-11D3-BF4B-00C04F79EFBC}") = "D2.Application", "src\D2.Application\D2.Application.csproj", "{AA074349-2F79-48E1-924E-90797CAAA19D}"
EndProject
Project("{FAE04EC0-301F-11D3-BF4B-00C04F79EFBC}") = "D2.Domain", "src\D2.Domain\D2.Domain.csproj", "{069F0EA7-7D0D-4F70-8C22-39DBCE71A87E}"
EndProject
Project("{FAE04EC0-301F-11D3-BF4B-00C04F79EFBC}") = "D2.Infrastructure", "src\D2.Infrastructure\D2.Infrastructure.csproj", "{1EC28984-63E2-457F-A318-32E7F8040983}"
EndProject
Project("{FAE04EC0-301F-11D3-BF4B-00C04F79EFBC}") = "D2.Kernel", "src\D2.Kernel\D2.Kernel.csproj", "{EB44FE88-55C0-4929-9A33-E465355A68D7}"
EndProject
Project("{FAE04EC0-301F-11D3-BF4B-00C04F79EFBC}") = "D2.Staging.Console", "src\D2.Staging.Console\D2.Staging.Console.csproj", "{7D6164FD-28FD-4146-94A0-0BBEDFA4FEFE}"
EndProject
Project("{FAE04EC0-301F-11D3-BF4B-00C04F79EFBC}") = "D2.Tests.Staging", "test\D2.Tests.Staging\D2.Tests.Staging.csproj", "{85710794-59DF-43AC-BBC2-315B16B210A9}"
EndProject
Project("{2150E333-8FDC-42A3-9474-1A3956D46DE8}") = "Core", "Core", "{74F4D81F-67D5-40ED-8CF0-A0B914B4F91A}"
EndProject
Project("{2150E333-8FDC-42A3-9474-1A3956D46DE8}") = "test", "test", "{4A5AC9E8-71CA-490F-A281-57DFACC8140A}"
EndProject
Project("{2150E333-8FDC-42A3-9474-1A3956D46DE8}") = "Presentation", "Presentation", "{8FD27753-124D-45E6-9826-192324BA9434}"
EndProject
Global
	GlobalSection(SolutionConfigurationPlatforms) = preSolution
		Debug|Any CPU = Debug|Any CPU
		Release|Any CPU = Release|Any CPU
	EndGlobalSection
	GlobalSection(SolutionProperties) = preSolution
		HideSolutionNode = FALSE
	EndGlobalSection
	GlobalSection(ProjectConfigurationPlatforms) = postSolution
		{34559AD3-5C1B-48FC-84E0-4040A8CD9CC9}.Debug|Any CPU.ActiveCfg = Debug|Any CPU
		{34559AD3-5C1B-48FC-84E0-4040A8CD9CC9}.Debug|Any CPU.Build.0 = Debug|Any CPU
		{34559AD3-5C1B-48FC-84E0-4040A8CD9CC9}.Release|Any CPU.ActiveCfg = Release|Any CPU
		{34559AD3-5C1B-48FC-84E0-4040A8CD9CC9}.Release|Any CPU.Build.0 = Release|Any CPU
		{AA074349-2F79-48E1-924E-90797CAAA19D}.Debug|Any CPU.ActiveCfg = Debug|Any CPU
		{AA074349-2F79-48E1-924E-90797CAAA19D}.Debug|Any CPU.Build.0 = Debug|Any CPU
		{AA074349-2F79-48E1-924E-90797CAAA19D}.Release|Any CPU.ActiveCfg = Release|Any CPU
		{AA074349-2F79-48E1-924E-90797CAAA19D}.Release|Any CPU.Build.0 = Release|Any CPU
		{069F0EA7-7D0D-4F70-8C22-39DBCE71A87E}.Debug|Any CPU.ActiveCfg = Debug|Any CPU
		{069F0EA7-7D0D-4F70-8C22-39DBCE71A87E}.Debug|Any CPU.Build.0 = Debug|Any CPU
		{069F0EA7-7D0D-4F70-8C22-39DBCE71A87E}.Release|Any CPU.ActiveCfg = Release|Any CPU
		{069F0EA7-7D0D-4F70-8C22-39DBCE71A87E}.Release|Any CPU.Build.0 = Release|Any CPU
		{1EC28984-63E2-457F-A318-32E7F8040983}.Debug|Any CPU.ActiveCfg = Debug|Any CPU
		{1EC28984-63E2-457F-A318-32E7F8040983}.Debug|Any CPU.Build.0 = Debug|Any CPU
		{1EC28984-63E2-457F-A318-32E7F8040983}.Release|Any CPU.ActiveCfg = Release|Any CPU
		{1EC28984-63E2-457F-A318-32E7F8040983}.Release|Any CPU.Build.0 = Release|Any CPU
		{EB44FE88-55C0-4929-9A33-E465355A68D7}.Debug|Any CPU.ActiveCfg = Debug|Any CPU
		{EB44FE88-55C0-4929-9A33-E465355A68D7}.Debug|Any CPU.Build.0 = Debug|Any CPU
		{EB44FE88-55C0-4929-9A33-E465355A68D7}.Release|Any CPU.ActiveCfg = Release|Any CPU
		{EB44FE88-55C0-4929-9A33-E465355A68D7}.Release|Any CPU.Build.0 = Release|Any CPU
		{7D6164FD-28FD-4146-94A0-0BBEDFA4FEFE}.Debug|Any CPU.ActiveCfg = Debug|Any CPU
		{7D6164FD-28FD-4146-94A0-0BBEDFA4FEFE}.Debug|Any CPU.Build.0 = Debug|Any CPU
		{7D6164FD-28FD-4146-94A0-0BBEDFA4FEFE}.Release|Any CPU.ActiveCfg = Release|Any CPU
		{7D6164FD-28FD-4146-94A0-0BBEDFA4FEFE}.Release|Any CPU.Build.0 = Release|Any CPU
		{85710794-59DF-43AC-BBC2-315B16B210A9}.Debug|Any CPU.ActiveCfg = Debug|Any CPU
		{85710794-59DF-43AC-BBC2-315B16B210A9}.Debug|Any CPU.Build.0 = Debug|Any CPU
		{85710794-59DF-43AC-BBC2-315B16B210A9}.Release|Any CPU.ActiveCfg = Release|Any CPU
		{85710794-59DF-43AC-BBC2-315B16B210A9}.Release|Any CPU.Build.0 = Release|Any CPU
	EndGlobalSection
	GlobalSection(NestedProjects) = preSolution
		{AA074349-2F79-48E1-924E-90797CAAA19D} = {74F4D81F-67D5-40ED-8CF0-A0B914B4F91A}
		{069F0EA7-7D0D-4F70-8C22-39DBCE71A87E} = {74F4D81F-67D5-40ED-8CF0-A0B914B4F91A}
		{85710794-59DF-43AC-BBC2-315B16B210A9} = {4A5AC9E8-71CA-490F-A281-57DFACC8140A}
		{34559AD3-5C1B-48FC-84E0-4040A8CD9CC9} = {8FD27753-124D-45E6-9826-192324BA9434}
		{7D6164FD-28FD-4146-94A0-0BBEDFA4FEFE} = {8FD27753-124D-45E6-9826-192324BA9434}
	EndGlobalSection
EndGlobal
