
Microsoft Visual Studio Solution File, Format Version 12.00
# Visual Studio Version 17
VisualStudioVersion = 17.0.31903.59
MinimumVisualStudioVersion = 10.0.40219.1
Project("{2150E333-8FDC-42A3-9474-1A3956D46DE8}") = "src", "src", "{40378C64-AB95-4761-95A5-60FA7045CF0E}"
EndProject
Project("{2150E333-8FDC-42A3-9474-1A3956D46DE8}") = "Presentation", "Presentation", "{8640B470-FA46-4476-9769-9838D4872AF9}"
EndProject
Project("{FAE04EC0-301F-11D3-BF4B-00C04F79EFBC}") = "D2.Presentation.BlazorClient", "src\Presentation\D2.Presentation.BlazorClient\D2.Presentation.BlazorClient.csproj", "{F85637BC-2D4A-4089-9518-40D5C267BE69}"
EndProject
Project("{FAE04EC0-301F-11D3-BF4B-00C04F79EFBC}") = "D2.Presentation.ConsoleApp", "src\Presentation\D2.Presentation.Console\D2.Presentation.ConsoleApp.csproj", "{3F6AA7D3-3B9B-406E-AA03-15BD4BAF75FF}"
EndProject
Project("{FAE04EC0-301F-11D3-BF4B-00C04F79EFBC}") = "D2.Presentation.RazorClient", "src\Presentation\D2.Presentation.RazorClient\D2.Presentation.RazorClient.csproj", "{66A69CE6-8071-44D3-AE2F-9F3018FD252B}"
EndProject
Project("{2150E333-8FDC-42A3-9474-1A3956D46DE8}") = "Core", "Core", "{91836BAF-729D-47F4-A2AA-B07DBAE13BC9}"
EndProject
Project("{2150E333-8FDC-42A3-9474-1A3956D46DE8}") = "Application", "Application", "{FF6DC628-05B1-4691-ACF9-557EA969BF25}"
EndProject
Project("{2150E333-8FDC-42A3-9474-1A3956D46DE8}") = "Infrastructure", "Infrastructure", "{D6B2478B-A2F3-4B78-8B87-1B55CCA88720}"
EndProject
Project("{FAE04EC0-301F-11D3-BF4B-00C04F79EFBC}") = "D2.Infrastructure.HttpClients", "src\Infrastructure\D2.Infrastructure.HttpClients\D2.Infrastructure.HttpClients.csproj", "{19B47760-9662-45B5-9BED-057E1E87ABBD}"
EndProject
Project("{2150E333-8FDC-42A3-9474-1A3956D46DE8}") = "Domain", "Domain", "{F3F323F2-8A76-479C-84D9-A322EF685F07}"
EndProject
Project("{FAE04EC0-301F-11D3-BF4B-00C04F79EFBC}") = "D2.Core.Domain.Entities", "src\Core\Domain\D2.Core.Domain.Entities\D2.Core.Domain.Entities.csproj", "{9A057DE3-1004-4444-AEF4-4A4AFD433BF3}"
EndProject
Project("{2150E333-8FDC-42A3-9474-1A3956D46DE8}") = "Kernel", "Kernel", "{29410AB2-3A40-4859-AA74-4B1459B9F115}"
EndProject
Project("{FAE04EC0-301F-11D3-BF4B-00C04F79EFBC}") = "D2.Kernel.Configuration", "src\Kernel\D2.Kernel.Configuration\D2.Kernel.Configuration.csproj", "{3FC1BA9C-2BD9-4043-8809-CA3BE2DBAE08}"
EndProject
Global
	GlobalSection(SolutionConfigurationPlatforms) = preSolution
		Debug|Any CPU = Debug|Any CPU
		Release|Any CPU = Release|Any CPU
	EndGlobalSection
	GlobalSection(SolutionProperties) = preSolution
		HideSolutionNode = FALSE
	EndGlobalSection
	GlobalSection(ProjectConfigurationPlatforms) = postSolution
		{F85637BC-2D4A-4089-9518-40D5C267BE69}.Debug|Any CPU.ActiveCfg = Debug|Any CPU
		{F85637BC-2D4A-4089-9518-40D5C267BE69}.Debug|Any CPU.Build.0 = Debug|Any CPU
		{F85637BC-2D4A-4089-9518-40D5C267BE69}.Release|Any CPU.ActiveCfg = Release|Any CPU
		{F85637BC-2D4A-4089-9518-40D5C267BE69}.Release|Any CPU.Build.0 = Release|Any CPU
		{3F6AA7D3-3B9B-406E-AA03-15BD4BAF75FF}.Debug|Any CPU.ActiveCfg = Debug|Any CPU
		{3F6AA7D3-3B9B-406E-AA03-15BD4BAF75FF}.Debug|Any CPU.Build.0 = Debug|Any CPU
		{3F6AA7D3-3B9B-406E-AA03-15BD4BAF75FF}.Release|Any CPU.ActiveCfg = Release|Any CPU
		{3F6AA7D3-3B9B-406E-AA03-15BD4BAF75FF}.Release|Any CPU.Build.0 = Release|Any CPU
		{66A69CE6-8071-44D3-AE2F-9F3018FD252B}.Debug|Any CPU.ActiveCfg = Debug|Any CPU
		{66A69CE6-8071-44D3-AE2F-9F3018FD252B}.Debug|Any CPU.Build.0 = Debug|Any CPU
		{66A69CE6-8071-44D3-AE2F-9F3018FD252B}.Release|Any CPU.ActiveCfg = Release|Any CPU
		{66A69CE6-8071-44D3-AE2F-9F3018FD252B}.Release|Any CPU.Build.0 = Release|Any CPU
		{19B47760-9662-45B5-9BED-057E1E87ABBD}.Debug|Any CPU.ActiveCfg = Debug|Any CPU
		{19B47760-9662-45B5-9BED-057E1E87ABBD}.Debug|Any CPU.Build.0 = Debug|Any CPU
		{19B47760-9662-45B5-9BED-057E1E87ABBD}.Release|Any CPU.ActiveCfg = Release|Any CPU
		{19B47760-9662-45B5-9BED-057E1E87ABBD}.Release|Any CPU.Build.0 = Release|Any CPU
		{9A057DE3-1004-4444-AEF4-4A4AFD433BF3}.Debug|Any CPU.ActiveCfg = Debug|Any CPU
		{9A057DE3-1004-4444-AEF4-4A4AFD433BF3}.Debug|Any CPU.Build.0 = Debug|Any CPU
		{9A057DE3-1004-4444-AEF4-4A4AFD433BF3}.Release|Any CPU.ActiveCfg = Release|Any CPU
		{9A057DE3-1004-4444-AEF4-4A4AFD433BF3}.Release|Any CPU.Build.0 = Release|Any CPU
		{3FC1BA9C-2BD9-4043-8809-CA3BE2DBAE08}.Debug|Any CPU.ActiveCfg = Debug|Any CPU
		{3FC1BA9C-2BD9-4043-8809-CA3BE2DBAE08}.Debug|Any CPU.Build.0 = Debug|Any CPU
		{3FC1BA9C-2BD9-4043-8809-CA3BE2DBAE08}.Release|Any CPU.ActiveCfg = Release|Any CPU
		{3FC1BA9C-2BD9-4043-8809-CA3BE2DBAE08}.Release|Any CPU.Build.0 = Release|Any CPU
	EndGlobalSection
	GlobalSection(NestedProjects) = preSolution
		{8640B470-FA46-4476-9769-9838D4872AF9} = {40378C64-AB95-4761-95A5-60FA7045CF0E}
		{F85637BC-2D4A-4089-9518-40D5C267BE69} = {8640B470-FA46-4476-9769-9838D4872AF9}
		{3F6AA7D3-3B9B-406E-AA03-15BD4BAF75FF} = {8640B470-FA46-4476-9769-9838D4872AF9}
		{66A69CE6-8071-44D3-AE2F-9F3018FD252B} = {8640B470-FA46-4476-9769-9838D4872AF9}
		{91836BAF-729D-47F4-A2AA-B07DBAE13BC9} = {40378C64-AB95-4761-95A5-60FA7045CF0E}
		{FF6DC628-05B1-4691-ACF9-557EA969BF25} = {91836BAF-729D-47F4-A2AA-B07DBAE13BC9}
		{D6B2478B-A2F3-4B78-8B87-1B55CCA88720} = {40378C64-AB95-4761-95A5-60FA7045CF0E}
		{19B47760-9662-45B5-9BED-057E1E87ABBD} = {D6B2478B-A2F3-4B78-8B87-1B55CCA88720}
		{F3F323F2-8A76-479C-84D9-A322EF685F07} = {91836BAF-729D-47F4-A2AA-B07DBAE13BC9}
		{9A057DE3-1004-4444-AEF4-4A4AFD433BF3} = {F3F323F2-8A76-479C-84D9-A322EF685F07}
		{29410AB2-3A40-4859-AA74-4B1459B9F115} = {40378C64-AB95-4761-95A5-60FA7045CF0E}
		{3FC1BA9C-2BD9-4043-8809-CA3BE2DBAE08} = {29410AB2-3A40-4859-AA74-4B1459B9F115}
	EndGlobalSection
EndGlobal
